
Microsoft Visual Studio Solution File, Format Version 12.00
# Visual Studio Version 17
VisualStudioVersion = 17.1.32210.238
MinimumVisualStudioVersion = 10.0.40219.1
Project("{8BC9CEB8-8B4A-11D0-8D11-00A0C91BC942}") = "Threads", "Threads.vcxproj", "{408FEB89-19B3-40E2-B85D-2A1EE1AD410F}"
EndProject
Global
	GlobalSection(SolutionConfigurationPlatforms) = preSolution
		Debug|x64 = Debug|x64
		Debug|x86 = Debug|x86
		Release|x64 = Release|x64
		Release|x86 = Release|x86
	EndGlobalSection
	GlobalSection(ProjectConfigurationPlatforms) = postSolution
		{408FEB89-19B3-40E2-B85D-2A1EE1AD410F}.Debug|x64.ActiveCfg = Debug|x64
		{408FEB89-19B3-40E2-B85D-2A1EE1AD410F}.Debug|x64.Build.0 = Debug|x64
		{408FEB89-19B3-40E2-B85D-2A1EE1AD410F}.Debug|x86.ActiveCfg = Debug|Win32
		{408FEB89-19B3-40E2-B85D-2A1EE1AD410F}.Debug|x86.Build.0 = Debug|Win32
		{408FEB89-19B3-40E2-B85D-2A1EE1AD410F}.Release|x64.ActiveCfg = Release|x64
		{408FEB89-19B3-40E2-B85D-2A1EE1AD410F}.Release|x64.Build.0 = Release|x64
		{408FEB89-19B3-40E2-B85D-2A1EE1AD410F}.Release|x86.ActiveCfg = Release|Win32
		{408FEB89-19B3-40E2-B85D-2A1EE1AD410F}.Release|x86.Build.0 = Release|Win32
	EndGlobalSection
	GlobalSection(SolutionProperties) = preSolution
		HideSolutionNode = FALSE
	EndGlobalSection
	GlobalSection(ExtensibilityGlobals) = postSolution
		SolutionGuid = {4AFBDC57-3FE4-4043-A8A5-2DB82105F2EA}
	EndGlobalSection
EndGlobal
